
Microsoft Visual Studio Solution File, Format Version 12.00
# Visual Studio Version 16
VisualStudioVersion = 16.0.30517.126
MinimumVisualStudioVersion = 10.0.40219.1
Project("{FAE04EC0-301F-11D3-BF4B-00C04F79EFBC}") = "ControlFlow", "ControlFlow\ControlFlow.csproj", "{F3812A7A-D5CF-4DB7-B383-9830306E9C72}"
EndProject
Project("{FAE04EC0-301F-11D3-BF4B-00C04F79EFBC}") = "WhenWereYouBorn", "WhenWereYouBorn\WhenWereYouBorn.csproj", "{4D2B4E13-0CC1-4464-94F1-B56665790C5C}"
EndProject
Project("{FAE04EC0-301F-11D3-BF4B-00C04F79EFBC}") = "DrivingLisence", "DrivingLisence\DrivingLisence.csproj", "{9C23D5C3-846D-48B8-A258-6061096A47C6}"
EndProject
Project("{FAE04EC0-301F-11D3-BF4B-00C04F79EFBC}") = "PositiveNegative", "PositiveNegative\PositiveNegative.csproj", "{999814BB-E43C-4CF8-AABD-CE921EDFBAA1}"
EndProject
Global
	GlobalSection(SolutionConfigurationPlatforms) = preSolution
		Debug|Any CPU = Debug|Any CPU
		Release|Any CPU = Release|Any CPU
	EndGlobalSection
	GlobalSection(ProjectConfigurationPlatforms) = postSolution
		{F3812A7A-D5CF-4DB7-B383-9830306E9C72}.Debug|Any CPU.ActiveCfg = Debug|Any CPU
		{F3812A7A-D5CF-4DB7-B383-9830306E9C72}.Debug|Any CPU.Build.0 = Debug|Any CPU
		{F3812A7A-D5CF-4DB7-B383-9830306E9C72}.Release|Any CPU.ActiveCfg = Release|Any CPU
		{F3812A7A-D5CF-4DB7-B383-9830306E9C72}.Release|Any CPU.Build.0 = Release|Any CPU
		{4D2B4E13-0CC1-4464-94F1-B56665790C5C}.Debug|Any CPU.ActiveCfg = Debug|Any CPU
		{4D2B4E13-0CC1-4464-94F1-B56665790C5C}.Debug|Any CPU.Build.0 = Debug|Any CPU
		{4D2B4E13-0CC1-4464-94F1-B56665790C5C}.Release|Any CPU.ActiveCfg = Release|Any CPU
		{4D2B4E13-0CC1-4464-94F1-B56665790C5C}.Release|Any CPU.Build.0 = Release|Any CPU
		{9C23D5C3-846D-48B8-A258-6061096A47C6}.Debug|Any CPU.ActiveCfg = Debug|Any CPU
		{9C23D5C3-846D-48B8-A258-6061096A47C6}.Debug|Any CPU.Build.0 = Debug|Any CPU
		{9C23D5C3-846D-48B8-A258-6061096A47C6}.Release|Any CPU.ActiveCfg = Release|Any CPU
		{9C23D5C3-846D-48B8-A258-6061096A47C6}.Release|Any CPU.Build.0 = Release|Any CPU
		{999814BB-E43C-4CF8-AABD-CE921EDFBAA1}.Debug|Any CPU.ActiveCfg = Debug|Any CPU
		{999814BB-E43C-4CF8-AABD-CE921EDFBAA1}.Debug|Any CPU.Build.0 = Debug|Any CPU
		{999814BB-E43C-4CF8-AABD-CE921EDFBAA1}.Release|Any CPU.ActiveCfg = Release|Any CPU
		{999814BB-E43C-4CF8-AABD-CE921EDFBAA1}.Release|Any CPU.Build.0 = Release|Any CPU
	EndGlobalSection
	GlobalSection(SolutionProperties) = preSolution
		HideSolutionNode = FALSE
	EndGlobalSection
	GlobalSection(ExtensibilityGlobals) = postSolution
		SolutionGuid = {00917AFA-9279-48E2-9C2F-B6510C546D2F}
	EndGlobalSection
EndGlobal
